# THIS IS AN AUTOGENERATED FILE. DO NOT EDIT THIS FILE DIRECTLY.
# yarn lockfile v1


wangyong-utils@^1.2.5:
  version "1.2.5"
  resolved "https://registry.npmmirror.com/wangyong-utils/-/wangyong-utils-1.2.5.tgz#d7ff962a72651f354033611eb830f1d295a1f943"
  integrity sha512-Dlk1EBZ2PecXrtFVIP/HFfR4iEaJk5a9JfaGeLEnHgAFAT5f3EqT2ka86dQVjp/1RBOX1kKWKC5k2jsMqWMkDA==
